// !$*UTF8*$!
{
	archiveVersion = 1;
	classes = {
	};
	objectVersion = 56;
	objects = {

/* Begin PBXBuildFile section */
		A16F1B1F2BF2612200A2D2C7 /* Particle_EffectApp.swift in Sources */ = {isa = PBXBuildFile; fileRef = A16F1B1E2BF2612200A2D2C7 /* Particle_EffectApp.swift */; };
		A16F1B212BF2612200A2D2C7 /* ContentView.swift in Sources */ = {isa = PBXBuildFile; fileRef = A16F1B202BF2612200A2D2C7 /* ContentView.swift */; };
		A16F1B232BF2612300A2D2C7 /* Assets.xcassets in Resources */ = {isa = PBXBuildFile; fileRef = A16F1B222BF2612300A2D2C7 /* Assets.xcassets */; };
		A16F1B262BF2612300A2D2C7 /* Preview Assets.xcassets in Resources */ = {isa = PBXBuildFile; fileRef = A16F1B252BF2612300A2D2C7 /* Preview Assets.xcassets */; };
		A16F1B2F2BF2617800A2D2C7 /* Home.swift in Sources */ = {isa = PBXBuildFile; fileRef = A16F1B2E2BF2617800A2D2C7 /* Home.swift */; };
		A16F1B312BF263F800A2D2C7 /* ParticleEffect.swift in Sources */ = {isa = PBXBuildFile; fileRef = A16F1B302BF263F800A2D2C7 /* ParticleEffect.swift */; };
		A16F1B332BF2647F00A2D2C7 /* Particle.swift in Sources */ = {isa = PBXBuildFile; fileRef = A16F1B322BF2647F00A2D2C7 /* Particle.swift */; };
/* End PBXBuildFile section */

/* Begin PBXFileReference section */
		A16F1B1B2BF2612200A2D2C7 /* Particle_Effect.app */ = {isa = PBXFileReference; explicitFileType = wrapper.application; includeInIndex = 0; path = Particle_Effect.app; sourceTree = BUILT_PRODUCTS_DIR; };
		A16F1B1E2BF2612200A2D2C7 /* Particle_EffectApp.swift */ = {isa = PBXFileReference; lastKnownFileType = sourcecode.swift; path = Particle_EffectApp.swift; sourceTree = "<group>"; };
		A16F1B202BF2612200A2D2C7 /* ContentView.swift */ = {isa = PBXFileReference; lastKnownFileType = sourcecode.swift; path = ContentView.swift; sourceTree = "<group>"; };
		A16F1B222BF2612300A2D2C7 /* Assets.xcassets */ = {isa = PBXFileReference; lastKnownFileType = folder.assetcatalog; path = Assets.xcassets; sourceTree = "<group>"; };
		A16F1B252BF2612300A2D2C7 /* Preview Assets.xcassets */ = {isa = PBXFileReference; lastKnownFileType = folder.assetcatalog; path = "Preview Assets.xcassets"; sourceTree = "<group>"; };
		A16F1B2E2BF2617800A2D2C7 /* Home.swift */ = {isa = PBXFileReference; lastKnownFileType = sourcecode.swift; path = Home.swift; sourceTree = "<group>"; };
		A16F1B302BF263F800A2D2C7 /* ParticleEffect.swift */ = {isa = PBXFileReference; lastKnownFileType = sourcecode.swift; path = ParticleEffect.swift; sourceTree = "<group>"; };
		A16F1B322BF2647F00A2D2C7 /* Particle.swift */ = {isa = PBXFileReference; lastKnownFileType = sourcecode.swift; path = Particle.swift; sourceTree = "<group>"; };
/* End PBXFileReference section */

/* Begin PBXFrameworksBuildPhase section */
		A16F1B182BF2612200A2D2C7 /* Frameworks */ = {
			isa = PBXFrameworksBuildPhase;
			buildActionMask = 2147483647;
			files = (
			);
			runOnlyForDeploymentPostprocessing = 0;
		};
/* End PBXFrameworksBuildPhase section */

/* Begin PBXGroup section */
		A16F1B122BF2612200A2D2C7 = {
			isa = PBXGroup;
			children = (
				A16F1B1D2BF2612200A2D2C7 /* Particle_Effect */,
				A16F1B1C2BF2612200A2D2C7 /* Products */,
			);
			sourceTree = "<group>";
		};
		A16F1B1C2BF2612200A2D2C7 /* Products */ = {
			isa = PBXGroup;
			children = (
				A16F1B1B2BF2612200A2D2C7 /* Particle_Effect.app */,
			);
			name = Products;
			sourceTree = "<group>";
		};
		A16F1B1D2BF2612200A2D2C7 /* Particle_Effect */ = {
			isa = PBXGroup;
			children = (
				A16F1B2D2BF2614300A2D2C7 /* Model */,
				A16F1B2C2BF2613A00A2D2C7 /* View */,
				A16F1B1E2BF2612200A2D2C7 /* Particle_EffectApp.swift */,
				A16F1B202BF2612200A2D2C7 /* ContentView.swift */,
				A16F1B222BF2612300A2D2C7 /* Assets.xcassets */,
				A16F1B242BF2612300A2D2C7 /* Preview Content */,
			);
			path = Particle_Effect;
			sourceTree = "<group>";
		};
		A16F1B242BF2612300A2D2C7 /* Preview Content */ = {
			isa = PBXGroup;
			children = (
				A16F1B252BF2612300A2D2C7 /* Preview Assets.xcassets */,
			);
			path = "Preview Content";
			sourceTree = "<group>";
		};
		A16F1B2C2BF2613A00A2D2C7 /* View */ = {
			isa = PBXGroup;
			children = (
				A16F1B2E2BF2617800A2D2C7 /* Home.swift */,
				A16F1B302BF263F800A2D2C7 /* ParticleEffect.swift */,
			);
			path = View;
			sourceTree = "<group>";
		};
		A16F1B2D2BF2614300A2D2C7 /* Model */ = {
			isa = PBXGroup;
			children = (
				A16F1B322BF2647F00A2D2C7 /* Particle.swift */,
			);
			path = Model;
			sourceTree = "<group>";
		};
/* End PBXGroup section */

/* Begin PBXNativeTarget section */
		A16F1B1A2BF2612200A2D2C7 /* Particle_Effect */ = {
			isa = PBXNativeTarget;
			buildConfigurationList = A16F1B292BF2612300A2D2C7 /* Build configuration list for PBXNativeTarget "Particle_Effect" */;
			buildPhases = (
				A16F1B172BF2612200A2D2C7 /* Sources */,
				A16F1B182BF2612200A2D2C7 /* Frameworks */,
				A16F1B192BF2612200A2D2C7 /* Resources */,
			);
			buildRules = (
			);
			dependencies = (
			);
			name = Particle_Effect;
			productName = Particle_Effect;
			productReference = A16F1B1B2BF2612200A2D2C7 /* Particle_Effect.app */;
			productType = "com.apple.product-type.application";
		};
/* End PBXNativeTarget section */

/* Begin PBXProject section */
		A16F1B132BF2612200A2D2C7 /* Project object */ = {
			isa = PBXProject;
			attributes = {
				BuildIndependentTargetsInParallel = 1;
				LastSwiftUpdateCheck = 1530;
				LastUpgradeCheck = 1530;
				TargetAttributes = {
					A16F1B1A2BF2612200A2D2C7 = {
						CreatedOnToolsVersion = 15.3;
					};
				};
			};
			buildConfigurationList = A16F1B162BF2612200A2D2C7 /* Build configuration list for PBXProject "Particle_Effect" */;
			compatibilityVersion = "Xcode 14.0";
			developmentRegion = en;
			hasScannedForEncodings = 0;
			knownRegions = (
				en,
				Base,
			);
			mainGroup = A16F1B122BF2612200A2D2C7;
			productRefGroup = A16F1B1C2BF2612200A2D2C7 /* Products */;
			projectDirPath = "";
			projectRoot = "";
			targets = (
				A16F1B1A2BF2612200A2D2C7 /* Particle_Effect */,
			);
		};
/* End PBXProject section */

/* Begin PBXResourcesBuildPhase section */
		A16F1B192BF2612200A2D2C7 /* Resources */ = {
			isa = PBXResourcesBuildPhase;
			buildActionMask = 2147483647;
			files = (
				A16F1B262BF2612300A2D2C7 /* Preview Assets.xcassets in Resources */,
				A16F1B232BF2612300A2D2C7 /* Assets.xcassets in Resources */,
			);
			runOnlyForDeploymentPostprocessing = 0;
		};
/* End PBXResourcesBuildPhase section */

/* Begin PBXSourcesBuildPhase section */
		A16F1B172BF2612200A2D2C7 /* Sources */ = {
			isa = PBXSourcesBuildPhase;
			buildActionMask = 2147483647;
			files = (
				A16F1B312BF263F800A2D2C7 /* ParticleEffect.swift in Sources */,
				A16F1B332BF2647F00A2D2C7 /* Particle.swift in Sources */,
				A16F1B212BF2612200A2D2C7 /* ContentView.swift in Sources */,
				A16F1B2F2BF2617800A2D2C7 /* Home.swift in Sources */,
				A16F1B1F2BF2612200A2D2C7 /* Particle_EffectApp.swift in Sources */,
			);
			runOnlyForDeploymentPostprocessing = 0;
		};
/* End PBXSourcesBuildPhase section */

/* Begin XCBuildConfiguration section */
		A16F1B272BF2612300A2D2C7 /* Debug */ = {
			isa = XCBuildConfiguration;
			buildSettings = {
				ALWAYS_SEARCH_USER_PATHS = NO;
				ASSETCATALOG_COMPILER_GENERATE_SWIFT_ASSET_SYMBOL_EXTENSIONS = YES;
				CLANG_ANALYZER_NONNULL = YES;
				CLANG_ANALYZER_NUMBER_OBJECT_CONVERSION = YES_AGGRESSIVE;
				CLANG_CXX_LANGUAGE_STANDARD = "gnu++20";
				CLANG_ENABLE_MODULES = YES;
				CLANG_ENABLE_OBJC_ARC = YES;
				CLANG_ENABLE_OBJC_WEAK = YES;
				CLANG_WARN_BLOCK_CAPTURE_AUTORELEASING = YES;
				CLANG_WARN_BOOL_CONVERSION = YES;
				CLANG_WARN_COMMA = YES;
				CLANG_WARN_CONSTANT_CONVERSION = YES;
				CLANG_WARN_DEPRECATED_OBJC_IMPLEMENTATIONS = YES;
				CLANG_WARN_DIRECT_OBJC_ISA_USAGE = YES_ERROR;
				CLANG_WARN_DOCUMENTATION_COMMENTS = YES;
				CLANG_WARN_EMPTY_BODY = YES;
				CLANG_WARN_ENUM_CONVERSION = YES;
				CLANG_WARN_INFINITE_RECURSION = YES;
				CLANG_WARN_INT_CONVERSION = YES;
				CLANG_WARN_NON_LITERAL_NULL_CONVERSION = YES;
				CLANG_WARN_OBJC_IMPLICIT_RETAIN_SELF = YES;
				CLANG_WARN_OBJC_LITERAL_CONVERSION = YES;
				CLANG_WARN_OBJC_ROOT_CLASS = YES_ERROR;
				CLANG_WARN_QUOTED_INCLUDE_IN_FRAMEWORK_HEADER = YES;
				CLANG_WARN_RANGE_LOOP_ANALYSIS = YES;
				CLANG_WARN_STRICT_PROTOTYPES = YES;
				CLANG_WARN_SUSPICIOUS_MOVE = YES;
				CLANG_WARN_UNGUARDED_AVAILABILITY = YES_AGGRESSIVE;
				CLANG_WARN_UNREACHABLE_CODE = YES;
				CLANG_WARN__DUPLICATE_METHOD_MATCH = YES;
				COPY_PHASE_STRIP = NO;
				DEBUG_INFORMATION_FORMAT = dwarf;
				ENABLE_STRICT_OBJC_MSGSEND = YES;
				ENABLE_TESTABILITY = YES;
				ENABLE_USER_SCRIPT_SANDBOXING = YES;
				GCC_C_LANGUAGE_STANDARD = gnu17;
				GCC_DYNAMIC_NO_PIC = NO;
				GCC_NO_COMMON_BLOCKS = YES;
				GCC_OPTIMIZATION_LEVEL = 0;
				GCC_PREPROCESSOR_DEFINITIONS = (
					"DEBUG=1",
					"$(inherited)",
				);
				GCC_WARN_64_TO_32_BIT_CONVERSION = YES;
				GCC_WARN_ABOUT_RETURN_TYPE = YES_ERROR;
				GCC_WARN_UNDECLARED_SELECTOR = YES;
				GCC_WARN_UNINITIALIZED_AUTOS = YES_AGGRESSIVE;
				GCC_WARN_UNUSED_FUNCTION = YES;
				GCC_WARN_UNUSED_VARIABLE = YES;
				IPHONEOS_DEPLOYMENT_TARGET = 17.4;
				LOCALIZATION_PREFERS_STRING_CATALOGS = YES;
				MTL_ENABLE_DEBUG_INFO = INCLUDE_SOURCE;
				MTL_FAST_MATH = YES;
				ONLY_ACTIVE_ARCH = YES;
				SDKROOT = iphoneos;
				SWIFT_ACTIVE_COMPILATION_CONDITIONS = "DEBUG $(inherited)";
				SWIFT_OPTIMIZATION_LEVEL = "-Onone";
			};
			name = Debug;
		};
		A16F1B282BF2612300A2D2C7 /* Release */ = {
			isa = XCBuildConfiguration;
			buildSettings = {
				ALWAYS_SEARCH_USER_PATHS = NO;
				ASSETCATALOG_COMPILER_GENERATE_SWIFT_ASSET_SYMBOL_EXTENSIONS = YES;
				CLANG_ANALYZER_NONNULL = YES;
				CLANG_ANALYZER_NUMBER_OBJECT_CONVERSION = YES_AGGRESSIVE;
				CLANG_CXX_LANGUAGE_STANDARD = "gnu++20";
				CLANG_ENABLE_MODULES = YES;
				CLANG_ENABLE_OBJC_ARC = YES;
				CLANG_ENABLE_OBJC_WEAK = YES;
				CLANG_WARN_BLOCK_CAPTURE_AUTORELEASING = YES;
				CLANG_WARN_BOOL_CONVERSION = YES;
				CLANG_WARN_COMMA = YES;
				CLANG_WARN_CONSTANT_CONVERSION = YES;
				CLANG_WARN_DEPRECATED_OBJC_IMPLEMENTATIONS = YES;
				CLANG_WARN_DIRECT_OBJC_ISA_USAGE = YES_ERROR;
				CLANG_WARN_DOCUMENTATION_COMMENTS = YES;
				CLANG_WARN_EMPTY_BODY = YES;
				CLANG_WARN_ENUM_CONVERSION = YES;
				CLANG_WARN_INFINITE_RECURSION = YES;
				CLANG_WARN_INT_CONVERSION = YES;
				CLANG_WARN_NON_LITERAL_NULL_CONVERSION = YES;
				CLANG_WARN_OBJC_IMPLICIT_RETAIN_SELF = YES;
				CLANG_WARN_OBJC_LITERAL_CONVERSION = YES;
				CLANG_WARN_OBJC_ROOT_CLASS = YES_ERROR;
				CLANG_WARN_QUOTED_INCLUDE_IN_FRAMEWORK_HEADER = YES;
				CLANG_WARN_RANGE_LOOP_ANALYSIS = YES;
				CLANG_WARN_STRICT_PROTOTYPES = YES;
				CLANG_WARN_SUSPICIOUS_MOVE = YES;
				CLANG_WARN_UNGUARDED_AVAILABILITY = YES_AGGRESSIVE;
				CLANG_WARN_UNREACHABLE_CODE = YES;
				CLANG_WARN__DUPLICATE_METHOD_MATCH = YES;
				COPY_PHASE_STRIP = NO;
				DEBUG_INFORMATION_FORMAT = "dwarf-with-dsym";
				ENABLE_NS_ASSERTIONS = NO;
				ENABLE_STRICT_OBJC_MSGSEND = YES;
				ENABLE_USER_SCRIPT_SANDBOXING = YES;
				GCC_C_LANGUAGE_STANDARD = gnu17;
				GCC_NO_COMMON_BLOCKS = YES;
				GCC_WARN_64_TO_32_BIT_CONVERSION = YES;
				GCC_WARN_ABOUT_RETURN_TYPE = YES_ERROR;
				GCC_WARN_UNDECLARED_SELECTOR = YES;
				GCC_WARN_UNINITIALIZED_AUTOS = YES_AGGRESSIVE;
				GCC_WARN_UNUSED_FUNCTION = YES;
				GCC_WARN_UNUSED_VARIABLE = YES;
				IPHONEOS_DEPLOYMENT_TARGET = 17.4;
				LOCALIZATION_PREFERS_STRING_CATALOGS = YES;
				MTL_ENABLE_DEBUG_INFO = NO;
				MTL_FAST_MATH = YES;
				SDKROOT = iphoneos;
				SWIFT_COMPILATION_MODE = wholemodule;
				VALIDATE_PRODUCT = YES;
			};
			name = Release;
		};
		A16F1B2A2BF2612300A2D2C7 /* Debug */ = {
			isa = XCBuildConfiguration;
			buildSettings = {
				ASSETCATALOG_COMPILER_APPICON_NAME = AppIcon;
				ASSETCATALOG_COMPILER_GLOBAL_ACCENT_COLOR_NAME = AccentColor;
				CODE_SIGN_STYLE = Automatic;
				CURRENT_PROJECT_VERSION = 1;
				DEVELOPMENT_ASSET_PATHS = "\"Particle_Effect/Preview Content\"";
				ENABLE_PREVIEWS = YES;
				GENERATE_INFOPLIST_FILE = YES;
				INFOPLIST_KEY_UIApplicationSceneManifest_Generation = YES;
				INFOPLIST_KEY_UIApplicationSupportsIndirectInputEvents = YES;
				INFOPLIST_KEY_UILaunchScreen_Generation = YES;
				INFOPLIST_KEY_UISupportedInterfaceOrientations_iPad = "UIInterfaceOrientationPortrait UIInterfaceOrientationPortraitUpsideDown UIInterfaceOrientationLandscapeLeft UIInterfaceOrientationLandscapeRight";
				INFOPLIST_KEY_UISupportedInterfaceOrientations_iPhone = "UIInterfaceOrientationPortrait UIInterfaceOrientationLandscapeLeft UIInterfaceOrientationLandscapeRight";
				LD_RUNPATH_SEARCH_PATHS = (
					"$(inherited)",
					"@executable_path/Frameworks",
				);
				MARKETING_VERSION = 1.0;
				PRODUCT_BUNDLE_IDENTIFIER = "myOrganization.Particle-Effect";
				PRODUCT_NAME = "$(TARGET_NAME)";
				SWIFT_EMIT_LOC_STRINGS = YES;
				SWIFT_VERSION = 5.0;
				TARGETED_DEVICE_FAMILY = "1,2";
			};
			name = Debug;
		};
		A16F1B2B2BF2612300A2D2C7 /* Release */ = {
			isa = XCBuildConfiguration;
			buildSettings = {
				ASSETCATALOG_COMPILER_APPICON_NAME = AppIcon;
				ASSETCATALOG_COMPILER_GLOBAL_ACCENT_COLOR_NAME = AccentColor;
				CODE_SIGN_STYLE = Automatic;
				CURRENT_PROJECT_VERSION = 1;
				DEVELOPMENT_ASSET_PATHS = "\"Particle_Effect/Preview Content\"";
				ENABLE_PREVIEWS = YES;
				GENERATE_INFOPLIST_FILE = YES;
				INFOPLIST_KEY_UIApplicationSceneManifest_Generation = YES;
				INFOPLIST_KEY_UIApplicationSupportsIndirectInputEvents = YES;
				INFOPLIST_KEY_UILaunchScreen_Generation = YES;
				INFOPLIST_KEY_UISupportedInterfaceOrientations_iPad = "UIInterfaceOrientationPortrait UIInterfaceOrientationPortraitUpsideDown UIInterfaceOrientationLandscapeLeft UIInterfaceOrientationLandscapeRight";
				INFOPLIST_KEY_UISupportedInterfaceOrientations_iPhone = "UIInterfaceOrientationPortrait UIInterfaceOrientationLandscapeLeft UIInterfaceOrientationLandscapeRight";
				LD_RUNPATH_SEARCH_PATHS = (
					"$(inherited)",
					"@executable_path/Frameworks",
				);
				MARKETING_VERSION = 1.0;
				PRODUCT_BUNDLE_IDENTIFIER = "myOrganization.Particle-Effect";
				PRODUCT_NAME = "$(TARGET_NAME)";
				SWIFT_EMIT_LOC_STRINGS = YES;
				SWIFT_VERSION = 5.0;
				TARGETED_DEVICE_FAMILY = "1,2";
			};
			name = Release;
		};
/* End XCBuildConfiguration section */

/* Begin XCConfigurationList section */
		A16F1B162BF2612200A2D2C7 /* Build configuration list for PBXProject "Particle_Effect" */ = {
			isa = XCConfigurationList;
			buildConfigurations = (
				A16F1B272BF2612300A2D2C7 /* Debug */,
				A16F1B282BF2612300A2D2C7 /* Release */,
			);
			defaultConfigurationIsVisible = 0;
			defaultConfigurationName = Release;
		};
		A16F1B292BF2612300A2D2C7 /* Build configuration list for PBXNativeTarget "Particle_Effect" */ = {
			isa = XCConfigurationList;
			buildConfigurations = (
				A16F1B2A2BF2612300A2D2C7 /* Debug */,
				A16F1B2B2BF2612300A2D2C7 /* Release */,
			);
			defaultConfigurationIsVisible = 0;
			defaultConfigurationName = Release;
		};
/* End XCConfigurationList section */
	};
	rootObject = A16F1B132BF2612200A2D2C7 /* Project object */;
}
